
Microsoft Visual Studio Solution File, Format Version 12.00
# Visual Studio Version 16
VisualStudioVersion = 16.0.810.8
MinimumVisualStudioVersion = 10.0.40219.1
Project("{FAE04EC0-301F-11D3-BF4B-00C04F79EFBC}") = "Keda.Samples.EventHub.Dotnet.OrderProcessor", "Keda.Samples.EventHub.Dotnet.OrderProcessor\Keda.Samples.EventHub.Dotnet.OrderProcessor.csproj", "{11703E42-6331-4A73-B3D2-ACCE293AE749}"
EndProject
Global
	GlobalSection(SolutionConfigurationPlatforms) = preSolution
		Debug|Any CPU = Debug|Any CPU
		Release|Any CPU = Release|Any CPU
	EndGlobalSection
	GlobalSection(ProjectConfigurationPlatforms) = postSolution
		{11703E42-6331-4A73-B3D2-ACCE293AE749}.Debug|Any CPU.ActiveCfg = Debug|Any CPU
		{11703E42-6331-4A73-B3D2-ACCE293AE749}.Debug|Any CPU.Build.0 = Debug|Any CPU
		{11703E42-6331-4A73-B3D2-ACCE293AE749}.Release|Any CPU.ActiveCfg = Release|Any CPU
		{11703E42-6331-4A73-B3D2-ACCE293AE749}.Release|Any CPU.Build.0 = Release|Any CPU
	EndGlobalSection
	GlobalSection(SolutionProperties) = preSolution
		HideSolutionNode = FALSE
	EndGlobalSection
	GlobalSection(ExtensibilityGlobals) = postSolution
		SolutionGuid = {A14CB843-A623-4ED6-85A4-B6CE363EF474}
	EndGlobalSection
EndGlobal
